<?xml version="1.0" encoding="UTF-8" standalone="yes" ?>
<CodeBlocks_project_file>
	<FileVersion major="1" minor="6" />
	<Project>
		<Option title="gamewatch" />
		<Option pch_mode="2" />
		<Option compiler="wiz_compiler" />
		<Build>
			<Target title="Debug">
				<Option output="bin/WizDebug/gamewatch" prefix_auto="1" extension_auto="1" />
				<Option object_output="obj/WizDebug/" />
				<Option type="1" />
				<Option compiler="wiz_compiler" />
				<Compiler>
					<Add option="-g" />
				</Compiler>
			</Target>
			<Target title="Release">
				<Option output="bin/WizRelease/gamewatch" prefix_auto="1" extension_auto="1" />
				<Option object_output="obj/WizRelease/" />
				<Option type="0" />
				<Option compiler="wiz_compiler" />
				<Compiler>
					<Add option="-O2" />
				</Compiler>
				<Linker>
					<Add option="-s" />
				</Linker>
			</Target>
		</Build>
		<Compiler>
			<Add option="-Wall" />
			<Add option="-DGW_PLAT_WIZ" />
			<Add directory="src/" />
			<Add directory="include/" />
			<Add directory="/opt/openwiz/toolchain/arm-openwiz-linux-gnu/include/SDL" />
		</Compiler>
		<Linker>
			<Add library="SDL_ttf" />
			<Add library="freetype" />
			<Add library="SDL_gfx" />
			<Add library="SDL_mixer" />
			<Add library="SDL" />
			<Add library="SDLmain" />
			<Add library="SDL_image" />
			<Add library="png" />
			<Add library="jpeg" />
			<Add library="z" />
			<Add library="pthread" />
			<Add library="dl" />
			<Add library="mad" />
			<Add library="vorbisidec" />
			<Add library="libiconv" />
			<Add directory="/opt/openwiz/toolchain/arm-openwiz-linux-gnu/lib" />
		</Linker>
		<Unit filename="include/device.h" />
		<Unit filename="include/devices/dev_banana.h" />
		<Unit filename="include/devices/dev_condor.h" />
		<Unit filename="include/devices/dev_defendo.h" />
		<Unit filename="include/devices/dev_dkong.h" />
		<Unit filename="include/devices/dev_monkey.h" />
		<Unit filename="include/devices/dev_pancake.h" />
		<Unit filename="include/devices/dev_pirate.h" />
		<Unit filename="include/devices/dev_rollerc.h" />
		<Unit filename="include/devices/dev_sleepwlk.h" />
		<Unit filename="include/devices/deveng_vtech.h" />
		<Unit filename="include/devices/deveng_vtech_banana.h" />
		<Unit filename="include/devices/deveng_vtech_condor.h" />
		<Unit filename="include/devices/deveng_vtech_monkey.h" />
		<Unit filename="include/gamelist.h" />
		<Unit filename="include/gwdefs.h" />
		<Unit filename="include/menu.h" />
		<Unit filename="include/plat/plat_sdl.h" />
		<Unit filename="include/plat/plat_wiz.h" />
		<Unit filename="include/platform.h" />
		<Unit filename="src/device.cpp" />
		<Unit filename="src/devices/dev_banana.cpp" />
		<Unit filename="src/devices/dev_condor.cpp" />
		<Unit filename="src/devices/dev_defendo.cpp" />
		<Unit filename="src/devices/dev_dkong.cpp" />
		<Unit filename="src/devices/dev_monkey.cpp" />
		<Unit filename="src/devices/dev_pancake.cpp" />
		<Unit filename="src/devices/dev_pirate.cpp" />
		<Unit filename="src/devices/dev_rollerc.cpp" />
		<Unit filename="src/devices/dev_sleepwlk.cpp" />
		<Unit filename="src/devices/deveng_vtech.cpp" />
		<Unit filename="src/devices/deveng_vtech_banana.cpp" />
		<Unit filename="src/devices/deveng_vtech_condor.cpp" />
		<Unit filename="src/devices/deveng_vtech_monkey.cpp" />
		<Unit filename="src/gamelist.cpp" />
		<Unit filename="src/gamewatch.cpp" />
		<Unit filename="src/menu.cpp" />
		<Unit filename="src/plat/plat_sdl.cpp" />
		<Unit filename="src/plat/plat_wiz.cpp" />
		<Unit filename="src/platform.cpp" />
		<Unit filename="src/util/anyoption.cpp" />
		<Extensions>
			<code_completion />
			<envvars />
			<lib_finder disable_auto="1" />
			<debugger />
		</Extensions>
	</Project>
</CodeBlocks_project_file>
